
Microsoft Visual Studio Solution File, Format Version 12.00
# Visual Studio 15
VisualStudioVersion = 15.0.28307.136
MinimumVisualStudioVersion = 10.0.40219.1
Project("{FAE04EC0-301F-11D3-BF4B-00C04F79EFBC}") = "SsidWallpaperChanger", "SsidWallpaperChanger\SsidWallpaperChanger.csproj", "{54FE41ED-829F-452F-BAA6-E107DA4421B0}"
EndProject
Global
	GlobalSection(SolutionConfigurationPlatforms) = preSolution
		Debug|Any CPU = Debug|Any CPU
		Release|Any CPU = Release|Any CPU
	EndGlobalSection
	GlobalSection(ProjectConfigurationPlatforms) = postSolution
		{54FE41ED-829F-452F-BAA6-E107DA4421B0}.Debug|Any CPU.ActiveCfg = Debug|Any CPU
		{54FE41ED-829F-452F-BAA6-E107DA4421B0}.Debug|Any CPU.Build.0 = Debug|Any CPU
		{54FE41ED-829F-452F-BAA6-E107DA4421B0}.Release|Any CPU.ActiveCfg = Release|Any CPU
		{54FE41ED-829F-452F-BAA6-E107DA4421B0}.Release|Any CPU.Build.0 = Release|Any CPU
	EndGlobalSection
	GlobalSection(SolutionProperties) = preSolution
		HideSolutionNode = FALSE
	EndGlobalSection
	GlobalSection(ExtensibilityGlobals) = postSolution
		SolutionGuid = {FDA7D023-255E-400B-983B-7F70FB90B5CA}
	EndGlobalSection
EndGlobal
